<Solution>
  <Configurations>
    <Platform Name="ARM" />
    <Platform Name="ARM64" />
    <Platform Name="x64" />
    <Platform Name="x86" />
  </Configurations>
  <Project Path="PlayerServer/PlayerServer.vcxproj" Id="99424d72-9ede-43df-ba9c-97171e5d1ec2">
    <Platform Solution="*|x86" Project="x86" />
    <Deploy />
  </Project>
</Solution>
